{
    "version": 3,
    "terraform_version": "0.11.11",
    "serial": 36,
    "lineage": "e9d2436f-b8fc-d89c-3bf3-09eafcf18bb7",
    "modules": [
        {
            "path": [
                "root"
            ],
            "outputs": {},
            "resources": {
                "aws_instance.example.0": {
                    "type": "aws_instance",
                    "depends_on": [
                        "aws_key_pair.mykey",
                        "aws_subnet.subnets",
                        "data.aws_subnet_ids.private"
                    ],
                    "primary": {
                        "id": "i-06d378d3737c3c126",
                        "attributes": {
                            "ami": "ami-0de7daa7385332688",
                            "arn": "arn:aws:ec2:us-east-2:907300691767:instance/i-06d378d3737c3c126",
                            "associate_public_ip_address": "false",
                            "availability_zone": "us-east-2a",
                            "cpu_core_count": "1",
                            "cpu_threads_per_core": "1",
                            "credit_specification.#": "1",
                            "credit_specification.0.cpu_credits": "standard",
                            "disable_api_termination": "false",
                            "ebs_block_device.#": "0",
                            "ebs_optimized": "false",
                            "ephemeral_block_device.#": "0",
                            "get_password_data": "false",
                            "iam_instance_profile": "",
                            "id": "i-06d378d3737c3c126",
                            "instance_state": "running",
                            "instance_type": "t2.micro",
                            "ipv6_addresses.#": "0",
                            "key_name": "mykey",
                            "monitoring": "false",
                            "network_interface.#": "0",
                            "password_data": "",
                            "placement_group": "",
                            "primary_network_interface_id": "eni-06b9d9fca2652bae2",
                            "private_dns": "ip-10-0-1-54.us-east-2.compute.internal",
                            "private_ip": "10.0.1.54",
                            "public_dns": "",
                            "public_ip": "",
                            "root_block_device.#": "1",
                            "root_block_device.0.delete_on_termination": "true",
                            "root_block_device.0.iops": "100",
                            "root_block_device.0.volume_id": "vol-06c57a9ddb66b5bd2",
                            "root_block_device.0.volume_size": "8",
                            "root_block_device.0.volume_type": "gp2",
                            "security_groups.#": "0",
                            "source_dest_check": "true",
                            "subnet_id": "subnet-0799469bd2fd1f0a1",
                            "tags.%": "1",
                            "tags.name": "ec2_instance-1",
                            "tenancy": "default",
                            "volume_tags.%": "0",
                            "vpc_security_group_ids.#": "1",
                            "vpc_security_group_ids.3183172958": "sg-0a6154ca16130e968"
                        },
                        "meta": {
                            "e2bfb730-ecaa-11e6-8f88-34363bc7c4c0": {
                                "create": 600000000000,
                                "delete": 1200000000000,
                                "update": 600000000000
                            },
                            "schema_version": "1"
                        },
                        "tainted": false
                    },
                    "deposed": [],
                    "provider": "provider.aws"
                },
                "aws_instance.example.1": {
                    "type": "aws_instance",
                    "depends_on": [
                        "aws_key_pair.mykey",
                        "aws_subnet.subnets",
                        "data.aws_subnet_ids.private"
                    ],
                    "primary": {
                        "id": "i-0ea45b364c6720847",
                        "attributes": {
                            "ami": "ami-0de7daa7385332688",
                            "arn": "arn:aws:ec2:us-east-2:907300691767:instance/i-0ea45b364c6720847",
                            "associate_public_ip_address": "false",
                            "availability_zone": "us-east-2c",
                            "cpu_core_count": "1",
                            "cpu_threads_per_core": "1",
                            "credit_specification.#": "1",
                            "credit_specification.0.cpu_credits": "standard",
                            "disable_api_termination": "false",
                            "ebs_block_device.#": "0",
                            "ebs_optimized": "false",
                            "ephemeral_block_device.#": "0",
                            "get_password_data": "false",
                            "iam_instance_profile": "",
                            "id": "i-0ea45b364c6720847",
                            "instance_state": "running",
                            "instance_type": "t2.micro",
                            "ipv6_addresses.#": "0",
                            "key_name": "mykey",
                            "monitoring": "false",
                            "network_interface.#": "0",
                            "password_data": "",
                            "placement_group": "",
                            "primary_network_interface_id": "eni-0738c4c3f5decd379",
                            "private_dns": "ip-10-0-3-127.us-east-2.compute.internal",
                            "private_ip": "10.0.3.127",
                            "public_dns": "",
                            "public_ip": "",
                            "root_block_device.#": "1",
                            "root_block_device.0.delete_on_termination": "true",
                            "root_block_device.0.iops": "100",
                            "root_block_device.0.volume_id": "vol-0094ad13488772040",
                            "root_block_device.0.volume_size": "8",
                            "root_block_device.0.volume_type": "gp2",
                            "security_groups.#": "0",
                            "source_dest_check": "true",
                            "subnet_id": "subnet-02c9af6fba004cbae",
                            "tags.%": "1",
                            "tags.name": "ec2_instance-2",
                            "tenancy": "default",
                            "volume_tags.%": "0",
                            "vpc_security_group_ids.#": "1",
                            "vpc_security_group_ids.3183172958": "sg-0a6154ca16130e968"
                        },
                        "meta": {
                            "e2bfb730-ecaa-11e6-8f88-34363bc7c4c0": {
                                "create": 600000000000,
                                "delete": 1200000000000,
                                "update": 600000000000
                            },
                            "schema_version": "1"
                        },
                        "tainted": false
                    },
                    "deposed": [],
                    "provider": "provider.aws"
                },
                "aws_instance.example.2": {
                    "type": "aws_instance",
                    "depends_on": [
                        "aws_key_pair.mykey",
                        "aws_subnet.subnets",
                        "data.aws_subnet_ids.private"
                    ],
                    "primary": {
                        "id": "i-00cddb586db130559",
                        "attributes": {
                            "ami": "ami-0de7daa7385332688",
                            "arn": "arn:aws:ec2:us-east-2:907300691767:instance/i-00cddb586db130559",
                            "associate_public_ip_address": "false",
                            "availability_zone": "us-east-2b",
                            "cpu_core_count": "1",
                            "cpu_threads_per_core": "1",
                            "credit_specification.#": "1",
                            "credit_specification.0.cpu_credits": "standard",
                            "disable_api_termination": "false",
                            "ebs_block_device.#": "0",
                            "ebs_optimized": "false",
                            "ephemeral_block_device.#": "0",
                            "get_password_data": "false",
                            "iam_instance_profile": "",
                            "id": "i-00cddb586db130559",
                            "instance_state": "running",
                            "instance_type": "t2.micro",
                            "ipv6_addresses.#": "0",
                            "key_name": "mykey",
                            "monitoring": "false",
                            "network_interface.#": "0",
                            "password_data": "",
                            "placement_group": "",
                            "primary_network_interface_id": "eni-062814bf9f822368d",
                            "private_dns": "ip-10-0-2-110.us-east-2.compute.internal",
                            "private_ip": "10.0.2.110",
                            "public_dns": "",
                            "public_ip": "",
                            "root_block_device.#": "1",
                            "root_block_device.0.delete_on_termination": "true",
                            "root_block_device.0.iops": "100",
                            "root_block_device.0.volume_id": "vol-0256a3b04afa3f7ba",
                            "root_block_device.0.volume_size": "8",
                            "root_block_device.0.volume_type": "gp2",
                            "security_groups.#": "0",
                            "source_dest_check": "true",
                            "subnet_id": "subnet-01d5d52759296e7bd",
                            "tags.%": "1",
                            "tags.name": "ec2_instance-3",
                            "tenancy": "default",
                            "volume_tags.%": "0",
                            "vpc_security_group_ids.#": "1",
                            "vpc_security_group_ids.3183172958": "sg-0a6154ca16130e968"
                        },
                        "meta": {
                            "e2bfb730-ecaa-11e6-8f88-34363bc7c4c0": {
                                "create": 600000000000,
                                "delete": 1200000000000,
                                "update": 600000000000
                            },
                            "schema_version": "1"
                        },
                        "tainted": false
                    },
                    "deposed": [],
                    "provider": "provider.aws"
                },
                "aws_key_pair.mykey": {
                    "type": "aws_key_pair",
                    "depends_on": [],
                    "primary": {
                        "id": "mykey",
                        "attributes": {
                            "fingerprint": "4a:f3:bd:4c:d2:05:f5:7b:a1:dc:65:a7:cf:e9:5f:5d",
                            "id": "mykey",
                            "key_name": "mykey",
                            "public_key": "ssh-rsa AAAAB3NzaC1yc2EAAAADAQABAAABAQDAQBNbWMaBDAnikEVk1wSvx4uCwXKkTt7ZffwYaUMYBtumsnSvmw35Usf3HVthNQy2dkPSMNC9K8cN4ZVwpBobRoX76C88XKF4ZPTX1RtnoDVRSfVjNWmqmsCwyDJNGhEL+k6k890NAT02q/hMspPhp92VH/UOTQknr/NfXV1YsAr5XSjAwS5sYeHDJTz+IU8g0KG3u1nM3P5azwxIk7FQAFHyxI5vlqJvvA3i0FnHI6WG8qNhBFtj6NuOyQEqwzcVYsIc/FLQLRpNcPxKcWnftfOSb+ShyqyJL8IvLUVWHksK4NMbLlyKX87eld5izt0h2dQRa6CcXsedZnAQTtUV ec2-user@ip-172-31-16-129.us-east-2.compute.internal"
                        },
                        "meta": {
                            "schema_version": "1"
                        },
                        "tainted": false
                    },
                    "deposed": [],
                    "provider": "provider.aws"
                },
                "aws_subnet.subnets.0": {
                    "type": "aws_subnet",
                    "depends_on": [
                        "aws_vpc.myfirst_vpc",
                        "data.aws_availability_zones.azs"
                    ],
                    "primary": {
                        "id": "subnet-0799469bd2fd1f0a1",
                        "attributes": {
                            "arn": "arn:aws:ec2:us-east-2:907300691767:subnet/subnet-0799469bd2fd1f0a1",
                            "assign_ipv6_address_on_creation": "false",
                            "availability_zone": "us-east-2a",
                            "availability_zone_id": "use2-az1",
                            "cidr_block": "10.0.1.0/24",
                            "id": "subnet-0799469bd2fd1f0a1",
                            "ipv6_cidr_block": "",
                            "ipv6_cidr_block_association_id": "",
                            "map_public_ip_on_launch": "false",
                            "owner_id": "907300691767",
                            "tags.%": "1",
                            "tags.Name": "subnet-1",
                            "vpc_id": "vpc-0c16998961b0466b8"
                        },
                        "meta": {
                            "e2bfb730-ecaa-11e6-8f88-34363bc7c4c0": {
                                "create": 600000000000,
                                "delete": 600000000000
                            },
                            "schema_version": "1"
                        },
                        "tainted": false
                    },
                    "deposed": [],
                    "provider": "provider.aws"
                },
                "aws_subnet.subnets.1": {
                    "type": "aws_subnet",
                    "depends_on": [
                        "aws_vpc.myfirst_vpc",
                        "data.aws_availability_zones.azs"
                    ],
                    "primary": {
                        "id": "subnet-01d5d52759296e7bd",
                        "attributes": {
                            "arn": "arn:aws:ec2:us-east-2:907300691767:subnet/subnet-01d5d52759296e7bd",
                            "assign_ipv6_address_on_creation": "false",
                            "availability_zone": "us-east-2b",
                            "availability_zone_id": "use2-az2",
                            "cidr_block": "10.0.2.0/24",
                            "id": "subnet-01d5d52759296e7bd",
                            "ipv6_cidr_block": "",
                            "ipv6_cidr_block_association_id": "",
                            "map_public_ip_on_launch": "false",
                            "owner_id": "907300691767",
                            "tags.%": "1",
                            "tags.Name": "subnet-2",
                            "vpc_id": "vpc-0c16998961b0466b8"
                        },
                        "meta": {
                            "e2bfb730-ecaa-11e6-8f88-34363bc7c4c0": {
                                "create": 600000000000,
                                "delete": 600000000000
                            },
                            "schema_version": "1"
                        },
                        "tainted": false
                    },
                    "deposed": [],
                    "provider": "provider.aws"
                },
                "aws_subnet.subnets.2": {
                    "type": "aws_subnet",
                    "depends_on": [
                        "aws_vpc.myfirst_vpc",
                        "data.aws_availability_zones.azs"
                    ],
                    "primary": {
                        "id": "subnet-02c9af6fba004cbae",
                        "attributes": {
                            "arn": "arn:aws:ec2:us-east-2:907300691767:subnet/subnet-02c9af6fba004cbae",
                            "assign_ipv6_address_on_creation": "false",
                            "availability_zone": "us-east-2c",
                            "availability_zone_id": "use2-az3",
                            "cidr_block": "10.0.3.0/24",
                            "id": "subnet-02c9af6fba004cbae",
                            "ipv6_cidr_block": "",
                            "ipv6_cidr_block_association_id": "",
                            "map_public_ip_on_launch": "false",
                            "owner_id": "907300691767",
                            "tags.%": "1",
                            "tags.Name": "subnet-3",
                            "vpc_id": "vpc-0c16998961b0466b8"
                        },
                        "meta": {
                            "e2bfb730-ecaa-11e6-8f88-34363bc7c4c0": {
                                "create": 600000000000,
                                "delete": 600000000000
                            },
                            "schema_version": "1"
                        },
                        "tainted": false
                    },
                    "deposed": [],
                    "provider": "provider.aws"
                },
                "aws_vpc.myfirst_vpc": {
                    "type": "aws_vpc",
                    "depends_on": [],
                    "primary": {
                        "id": "vpc-0c16998961b0466b8",
                        "attributes": {
                            "arn": "arn:aws:ec2:us-east-2:907300691767:vpc/vpc-0c16998961b0466b8",
                            "assign_generated_ipv6_cidr_block": "false",
                            "cidr_block": "10.0.0.0/16",
                            "default_network_acl_id": "acl-0e031542c6b5bf6f9",
                            "default_route_table_id": "rtb-037bef2136ce1e1b4",
                            "default_security_group_id": "sg-0a6154ca16130e968",
                            "dhcp_options_id": "dopt-0ca64a67",
                            "enable_dns_hostnames": "false",
                            "enable_dns_support": "true",
                            "id": "vpc-0c16998961b0466b8",
                            "instance_tenancy": "default",
                            "ipv6_association_id": "",
                            "ipv6_cidr_block": "",
                            "main_route_table_id": "rtb-037bef2136ce1e1b4",
                            "owner_id": "907300691767",
                            "tags.%": "2",
                            "tags.Location": "Bangalore",
                            "tags.Name": "myfirst_vpc"
                        },
                        "meta": {
                            "schema_version": "1"
                        },
                        "tainted": false
                    },
                    "deposed": [],
                    "provider": "provider.aws"
                },
                "data.aws_availability_zones.azs": {
                    "type": "aws_availability_zones",
                    "depends_on": [],
                    "primary": {
                        "id": "2019-03-08 06:13:52.686687044 +0000 UTC",
                        "attributes": {
                            "id": "2019-03-08 06:13:52.686687044 +0000 UTC",
                            "names.#": "3",
                            "names.0": "us-east-2a",
                            "names.1": "us-east-2b",
                            "names.2": "us-east-2c",
                            "zone_ids.#": "3",
                            "zone_ids.0": "use2-az1",
                            "zone_ids.1": "use2-az2",
                            "zone_ids.2": "use2-az3"
                        },
                        "meta": {},
                        "tainted": false
                    },
                    "deposed": [],
                    "provider": "provider.aws"
                },
                "data.aws_subnet_ids.private": {
                    "type": "aws_subnet_ids",
                    "depends_on": [
                        "aws_vpc.myfirst_vpc"
                    ],
                    "primary": {
                        "id": "vpc-0c16998961b0466b8",
                        "attributes": {
                            "id": "vpc-0c16998961b0466b8",
                            "ids.#": "3",
                            "ids.2186902103": "subnet-02c9af6fba004cbae",
                            "ids.3812028950": "subnet-01d5d52759296e7bd",
                            "ids.552779525": "subnet-0799469bd2fd1f0a1",
                            "vpc_id": "vpc-0c16998961b0466b8"
                        },
                        "meta": {},
                        "tainted": false
                    },
                    "deposed": [],
                    "provider": "provider.aws"
                }
            },
            "depends_on": []
        }
    ]
}
